
Microsoft Visual Studio Solution File, Format Version 12.00
# Visual Studio Version 17
VisualStudioVersion = 17.9.34728.123
MinimumVisualStudioVersion = 10.0.40219.1
Project("{FAE04EC0-301F-11D3-BF4B-00C04F79EFBC}") = "emne-3-TekstTukling", "emne-3-TekstTukling\emne-3-TekstTukling.csproj", "{ACAB7C62-5F0C-482E-8B3F-86F825A42DD4}"
EndProject
Global
	GlobalSection(SolutionConfigurationPlatforms) = preSolution
		Debug|Any CPU = Debug|Any CPU
		Release|Any CPU = Release|Any CPU
	EndGlobalSection
	GlobalSection(ProjectConfigurationPlatforms) = postSolution
		{ACAB7C62-5F0C-482E-8B3F-86F825A42DD4}.Debug|Any CPU.ActiveCfg = Debug|Any CPU
		{ACAB7C62-5F0C-482E-8B3F-86F825A42DD4}.Debug|Any CPU.Build.0 = Debug|Any CPU
		{ACAB7C62-5F0C-482E-8B3F-86F825A42DD4}.Release|Any CPU.ActiveCfg = Release|Any CPU
		{ACAB7C62-5F0C-482E-8B3F-86F825A42DD4}.Release|Any CPU.Build.0 = Release|Any CPU
	EndGlobalSection
	GlobalSection(SolutionProperties) = preSolution
		HideSolutionNode = FALSE
	EndGlobalSection
	GlobalSection(ExtensibilityGlobals) = postSolution
		SolutionGuid = {CFBB7DA5-9891-4B46-A331-5FE8280F84D9}
	EndGlobalSection
EndGlobal
